
Microsoft Visual Studio Solution File, Format Version 12.00
# Visual Studio Version 17
VisualStudioVersion = 17.2.32630.192
MinimumVisualStudioVersion = 10.0.40219.1
Project("{FAE04EC0-301F-11D3-BF4B-00C04F79EFBC}") = "MarketKasaUygulamasi", "MarketKasaUygulamasi\MarketKasaUygulamasi.csproj", "{2BCF144E-63D5-4487-AFBD-A90C23A33142}"
EndProject
Global
	GlobalSection(SolutionConfigurationPlatforms) = preSolution
		Debug|Any CPU = Debug|Any CPU
		Release|Any CPU = Release|Any CPU
	EndGlobalSection
	GlobalSection(ProjectConfigurationPlatforms) = postSolution
		{2BCF144E-63D5-4487-AFBD-A90C23A33142}.Debug|Any CPU.ActiveCfg = Debug|Any CPU
		{2BCF144E-63D5-4487-AFBD-A90C23A33142}.Debug|Any CPU.Build.0 = Debug|Any CPU
		{2BCF144E-63D5-4487-AFBD-A90C23A33142}.Release|Any CPU.ActiveCfg = Release|Any CPU
		{2BCF144E-63D5-4487-AFBD-A90C23A33142}.Release|Any CPU.Build.0 = Release|Any CPU
	EndGlobalSection
	GlobalSection(SolutionProperties) = preSolution
		HideSolutionNode = FALSE
	EndGlobalSection
	GlobalSection(ExtensibilityGlobals) = postSolution
		SolutionGuid = {7FC92AEC-FDA4-4B09-8920-CBD6DD138C7A}
	EndGlobalSection
EndGlobal
